{
  "name": "commision-calculator-plugin",
  "lockfileVersion": 2,
  "requires": true,
  "packages": {
    "": {
      "devDependencies": {
        "jquery.numeric": "^1.0.0"
      }
    },
    "node_modules/jquery.numeric": {
      "version": "1.0.0",
      "resolved": "https://registry.npmjs.org/jquery.numeric/-/jquery.numeric-1.0.0.tgz",
      "integrity": "sha512-iCdLaB4ivP7iEyUzp6EjAusluIwLHhpvFbO+HEiFEpoXSEzlFjw7xr+pkVJ6jjyxGBFJDmk5tofoZUNdbu6rvA==",
      "dev": true
    }
  },
  "dependencies": {
    "jquery.numeric": {
      "version": "1.0.0",
      "resolved": "https://registry.npmjs.org/jquery.numeric/-/jquery.numeric-1.0.0.tgz",
      "integrity": "sha512-iCdLaB4ivP7iEyUzp6EjAusluIwLHhpvFbO+HEiFEpoXSEzlFjw7xr+pkVJ6jjyxGBFJDmk5tofoZUNdbu6rvA==",
      "dev": true
    }
  }
}
